
Microsoft Visual Studio Solution File, Format Version 12.00
# Visual Studio Version 17
VisualStudioVersion = 17.0.31903.59
MinimumVisualStudioVersion = 10.0.40219.1
Project("{2150E333-8FDC-42A3-9474-1A3956D46DE8}") = "src", "src", "{827E0CD3-B72D-47B6-A68D-7590B98EB39B}"
EndProject
Project("{FAE04EC0-301F-11D3-BF4B-00C04F79EFBC}") = "Yvy.Domain", "src\Yvy.Domain\Yvy.Domain.csproj", "{4CD4E00D-B552-4CED-A20A-405C9196EE04}"
EndProject
Project("{FAE04EC0-301F-11D3-BF4B-00C04F79EFBC}") = "Yvy.Application", "src\Yvy.Application\Yvy.Application.csproj", "{63481BD0-5C41-4C88-8C4F-51EB92C158B0}"
EndProject
Project("{FAE04EC0-301F-11D3-BF4B-00C04F79EFBC}") = "Yvy.Infrastructure", "src\Yvy.Infrastructure\Yvy.Infrastructure.csproj", "{442F26FF-A76E-46DC-BAE1-D57D03169BAD}"
EndProject
Project("{FAE04EC0-301F-11D3-BF4B-00C04F79EFBC}") = "Yvy.Api", "Yvy.Api\Yvy.Api.csproj", "{69A2F53A-6C23-4ED8-A7A2-3BD391D16F7B}"
EndProject
Project("{2150E333-8FDC-42A3-9474-1A3956D46DE8}") = "tests", "tests", "{0AB3BF05-4346-4AA6-1389-037BE0695223}"
EndProject
Project("{FAE04EC0-301F-11D3-BF4B-00C04F79EFBC}") = "Yvy.Domain.Tests", "tests\Yvy.Domain.Tests\Yvy.Domain.Tests.csproj", "{9F0172B9-38B6-4427-A6A3-D9E3C2489DBA}"
EndProject
Project("{FAE04EC0-301F-11D3-BF4B-00C04F79EFBC}") = "Yvy.Application.Tests", "tests\Yvy.Application.Tests\Yvy.Application.Tests.csproj", "{2A64A741-4D5B-4457-9082-5F63361ED8C0}"
EndProject
Project("{FAE04EC0-301F-11D3-BF4B-00C04F79EFBC}") = "Yvy.Api.IntegrationTests", "tests\Yvy.Api.IntegrationTests\Yvy.Api.IntegrationTests.csproj", "{08BF7065-D4D2-4C56-AA7D-4820449BFFC2}"
EndProject
Global
	GlobalSection(SolutionConfigurationPlatforms) = preSolution
		Debug|Any CPU = Debug|Any CPU
		Debug|x64 = Debug|x64
		Debug|x86 = Debug|x86
		Release|Any CPU = Release|Any CPU
		Release|x64 = Release|x64
		Release|x86 = Release|x86
	EndGlobalSection
	GlobalSection(ProjectConfigurationPlatforms) = postSolution
		{4CD4E00D-B552-4CED-A20A-405C9196EE04}.Debug|Any CPU.ActiveCfg = Debug|Any CPU
		{4CD4E00D-B552-4CED-A20A-405C9196EE04}.Debug|Any CPU.Build.0 = Debug|Any CPU
		{4CD4E00D-B552-4CED-A20A-405C9196EE04}.Debug|x64.ActiveCfg = Debug|Any CPU
		{4CD4E00D-B552-4CED-A20A-405C9196EE04}.Debug|x64.Build.0 = Debug|Any CPU
		{4CD4E00D-B552-4CED-A20A-405C9196EE04}.Debug|x86.ActiveCfg = Debug|Any CPU
		{4CD4E00D-B552-4CED-A20A-405C9196EE04}.Debug|x86.Build.0 = Debug|Any CPU
		{4CD4E00D-B552-4CED-A20A-405C9196EE04}.Release|Any CPU.ActiveCfg = Release|Any CPU
		{4CD4E00D-B552-4CED-A20A-405C9196EE04}.Release|Any CPU.Build.0 = Release|Any CPU
		{4CD4E00D-B552-4CED-A20A-405C9196EE04}.Release|x64.ActiveCfg = Release|Any CPU
		{4CD4E00D-B552-4CED-A20A-405C9196EE04}.Release|x64.Build.0 = Release|Any CPU
		{4CD4E00D-B552-4CED-A20A-405C9196EE04}.Release|x86.ActiveCfg = Release|Any CPU
		{4CD4E00D-B552-4CED-A20A-405C9196EE04}.Release|x86.Build.0 = Release|Any CPU
		{63481BD0-5C41-4C88-8C4F-51EB92C158B0}.Debug|Any CPU.ActiveCfg = Debug|Any CPU
		{63481BD0-5C41-4C88-8C4F-51EB92C158B0}.Debug|Any CPU.Build.0 = Debug|Any CPU
		{63481BD0-5C41-4C88-8C4F-51EB92C158B0}.Debug|x64.ActiveCfg = Debug|Any CPU
		{63481BD0-5C41-4C88-8C4F-51EB92C158B0}.Debug|x64.Build.0 = Debug|Any CPU
		{63481BD0-5C41-4C88-8C4F-51EB92C158B0}.Debug|x86.ActiveCfg = Debug|Any CPU
		{63481BD0-5C41-4C88-8C4F-51EB92C158B0}.Debug|x86.Build.0 = Debug|Any CPU
		{63481BD0-5C41-4C88-8C4F-51EB92C158B0}.Release|Any CPU.ActiveCfg = Release|Any CPU
		{63481BD0-5C41-4C88-8C4F-51EB92C158B0}.Release|Any CPU.Build.0 = Release|Any CPU
		{63481BD0-5C41-4C88-8C4F-51EB92C158B0}.Release|x64.ActiveCfg = Release|Any CPU
		{63481BD0-5C41-4C88-8C4F-51EB92C158B0}.Release|x64.Build.0 = Release|Any CPU
		{63481BD0-5C41-4C88-8C4F-51EB92C158B0}.Release|x86.ActiveCfg = Release|Any CPU
		{63481BD0-5C41-4C88-8C4F-51EB92C158B0}.Release|x86.Build.0 = Release|Any CPU
		{442F26FF-A76E-46DC-BAE1-D57D03169BAD}.Debug|Any CPU.ActiveCfg = Debug|Any CPU
		{442F26FF-A76E-46DC-BAE1-D57D03169BAD}.Debug|Any CPU.Build.0 = Debug|Any CPU
		{442F26FF-A76E-46DC-BAE1-D57D03169BAD}.Debug|x64.ActiveCfg = Debug|Any CPU
		{442F26FF-A76E-46DC-BAE1-D57D03169BAD}.Debug|x64.Build.0 = Debug|Any CPU
		{442F26FF-A76E-46DC-BAE1-D57D03169BAD}.Debug|x86.ActiveCfg = Debug|Any CPU
		{442F26FF-A76E-46DC-BAE1-D57D03169BAD}.Debug|x86.Build.0 = Debug|Any CPU
		{442F26FF-A76E-46DC-BAE1-D57D03169BAD}.Release|Any CPU.ActiveCfg = Release|Any CPU
		{442F26FF-A76E-46DC-BAE1-D57D03169BAD}.Release|Any CPU.Build.0 = Release|Any CPU
		{442F26FF-A76E-46DC-BAE1-D57D03169BAD}.Release|x64.ActiveCfg = Release|Any CPU
		{442F26FF-A76E-46DC-BAE1-D57D03169BAD}.Release|x64.Build.0 = Release|Any CPU
		{442F26FF-A76E-46DC-BAE1-D57D03169BAD}.Release|x86.ActiveCfg = Release|Any CPU
		{442F26FF-A76E-46DC-BAE1-D57D03169BAD}.Release|x86.Build.0 = Release|Any CPU
		{69A2F53A-6C23-4ED8-A7A2-3BD391D16F7B}.Debug|Any CPU.ActiveCfg = Debug|Any CPU
		{69A2F53A-6C23-4ED8-A7A2-3BD391D16F7B}.Debug|Any CPU.Build.0 = Debug|Any CPU
		{69A2F53A-6C23-4ED8-A7A2-3BD391D16F7B}.Debug|x64.ActiveCfg = Debug|Any CPU
		{69A2F53A-6C23-4ED8-A7A2-3BD391D16F7B}.Debug|x64.Build.0 = Debug|Any CPU
		{69A2F53A-6C23-4ED8-A7A2-3BD391D16F7B}.Debug|x86.ActiveCfg = Debug|Any CPU
		{69A2F53A-6C23-4ED8-A7A2-3BD391D16F7B}.Debug|x86.Build.0 = Debug|Any CPU
		{69A2F53A-6C23-4ED8-A7A2-3BD391D16F7B}.Release|Any CPU.ActiveCfg = Release|Any CPU
		{69A2F53A-6C23-4ED8-A7A2-3BD391D16F7B}.Release|Any CPU.Build.0 = Release|Any CPU
		{69A2F53A-6C23-4ED8-A7A2-3BD391D16F7B}.Release|x64.ActiveCfg = Release|Any CPU
		{69A2F53A-6C23-4ED8-A7A2-3BD391D16F7B}.Release|x64.Build.0 = Release|Any CPU
		{69A2F53A-6C23-4ED8-A7A2-3BD391D16F7B}.Release|x86.ActiveCfg = Release|Any CPU
		{69A2F53A-6C23-4ED8-A7A2-3BD391D16F7B}.Release|x86.Build.0 = Release|Any CPU
		{9F0172B9-38B6-4427-A6A3-D9E3C2489DBA}.Debug|Any CPU.ActiveCfg = Debug|Any CPU
		{9F0172B9-38B6-4427-A6A3-D9E3C2489DBA}.Debug|Any CPU.Build.0 = Debug|Any CPU
		{9F0172B9-38B6-4427-A6A3-D9E3C2489DBA}.Debug|x64.ActiveCfg = Debug|Any CPU
		{9F0172B9-38B6-4427-A6A3-D9E3C2489DBA}.Debug|x64.Build.0 = Debug|Any CPU
		{9F0172B9-38B6-4427-A6A3-D9E3C2489DBA}.Debug|x86.ActiveCfg = Debug|Any CPU
		{9F0172B9-38B6-4427-A6A3-D9E3C2489DBA}.Debug|x86.Build.0 = Debug|Any CPU
		{9F0172B9-38B6-4427-A6A3-D9E3C2489DBA}.Release|Any CPU.ActiveCfg = Release|Any CPU
		{9F0172B9-38B6-4427-A6A3-D9E3C2489DBA}.Release|Any CPU.Build.0 = Release|Any CPU
		{9F0172B9-38B6-4427-A6A3-D9E3C2489DBA}.Release|x64.ActiveCfg = Release|Any CPU
		{9F0172B9-38B6-4427-A6A3-D9E3C2489DBA}.Release|x64.Build.0 = Release|Any CPU
		{9F0172B9-38B6-4427-A6A3-D9E3C2489DBA}.Release|x86.ActiveCfg = Release|Any CPU
		{9F0172B9-38B6-4427-A6A3-D9E3C2489DBA}.Release|x86.Build.0 = Release|Any CPU
		{2A64A741-4D5B-4457-9082-5F63361ED8C0}.Debug|Any CPU.ActiveCfg = Debug|Any CPU
		{2A64A741-4D5B-4457-9082-5F63361ED8C0}.Debug|Any CPU.Build.0 = Debug|Any CPU
		{2A64A741-4D5B-4457-9082-5F63361ED8C0}.Debug|x64.ActiveCfg = Debug|Any CPU
		{2A64A741-4D5B-4457-9082-5F63361ED8C0}.Debug|x64.Build.0 = Debug|Any CPU
		{2A64A741-4D5B-4457-9082-5F63361ED8C0}.Debug|x86.ActiveCfg = Debug|Any CPU
		{2A64A741-4D5B-4457-9082-5F63361ED8C0}.Debug|x86.Build.0 = Debug|Any CPU
		{2A64A741-4D5B-4457-9082-5F63361ED8C0}.Release|Any CPU.ActiveCfg = Release|Any CPU
		{2A64A741-4D5B-4457-9082-5F63361ED8C0}.Release|Any CPU.Build.0 = Release|Any CPU
		{2A64A741-4D5B-4457-9082-5F63361ED8C0}.Release|x64.ActiveCfg = Release|Any CPU
		{2A64A741-4D5B-4457-9082-5F63361ED8C0}.Release|x64.Build.0 = Release|Any CPU
		{2A64A741-4D5B-4457-9082-5F63361ED8C0}.Release|x86.ActiveCfg = Release|Any CPU
		{2A64A741-4D5B-4457-9082-5F63361ED8C0}.Release|x86.Build.0 = Release|Any CPU
		{08BF7065-D4D2-4C56-AA7D-4820449BFFC2}.Debug|Any CPU.ActiveCfg = Debug|Any CPU
		{08BF7065-D4D2-4C56-AA7D-4820449BFFC2}.Debug|Any CPU.Build.0 = Debug|Any CPU
		{08BF7065-D4D2-4C56-AA7D-4820449BFFC2}.Debug|x64.ActiveCfg = Debug|Any CPU
		{08BF7065-D4D2-4C56-AA7D-4820449BFFC2}.Debug|x64.Build.0 = Debug|Any CPU
		{08BF7065-D4D2-4C56-AA7D-4820449BFFC2}.Debug|x86.ActiveCfg = Debug|Any CPU
		{08BF7065-D4D2-4C56-AA7D-4820449BFFC2}.Debug|x86.Build.0 = Debug|Any CPU
		{08BF7065-D4D2-4C56-AA7D-4820449BFFC2}.Release|Any CPU.ActiveCfg = Release|Any CPU
		{08BF7065-D4D2-4C56-AA7D-4820449BFFC2}.Release|Any CPU.Build.0 = Release|Any CPU
		{08BF7065-D4D2-4C56-AA7D-4820449BFFC2}.Release|x64.ActiveCfg = Release|Any CPU
		{08BF7065-D4D2-4C56-AA7D-4820449BFFC2}.Release|x64.Build.0 = Release|Any CPU
		{08BF7065-D4D2-4C56-AA7D-4820449BFFC2}.Release|x86.ActiveCfg = Release|Any CPU
		{08BF7065-D4D2-4C56-AA7D-4820449BFFC2}.Release|x86.Build.0 = Release|Any CPU
	EndGlobalSection
	GlobalSection(SolutionProperties) = preSolution
		HideSolutionNode = FALSE
	EndGlobalSection
	GlobalSection(NestedProjects) = preSolution
		{4CD4E00D-B552-4CED-A20A-405C9196EE04} = {827E0CD3-B72D-47B6-A68D-7590B98EB39B}
		{63481BD0-5C41-4C88-8C4F-51EB92C158B0} = {827E0CD3-B72D-47B6-A68D-7590B98EB39B}
		{442F26FF-A76E-46DC-BAE1-D57D03169BAD} = {827E0CD3-B72D-47B6-A68D-7590B98EB39B}
		{69A2F53A-6C23-4ED8-A7A2-3BD391D16F7B} = {827E0CD3-B72D-47B6-A68D-7590B98EB39B}
		{9F0172B9-38B6-4427-A6A3-D9E3C2489DBA} = {0AB3BF05-4346-4AA6-1389-037BE0695223}
		{2A64A741-4D5B-4457-9082-5F63361ED8C0} = {0AB3BF05-4346-4AA6-1389-037BE0695223}
		{08BF7065-D4D2-4C56-AA7D-4820449BFFC2} = {0AB3BF05-4346-4AA6-1389-037BE0695223}
	EndGlobalSection
EndGlobal
